
Microsoft Visual Studio Solution File, Format Version 12.00
# Visual Studio 2012
Project("{FAE04EC0-301F-11D3-BF4B-00C04F79EFBC}") = "MiniArch", "MiniArch\MiniArch.csproj", "{38213AE1-9F3D-4AA9-A34E-40C147DB51C0}"
EndProject
Project("{2150E333-8FDC-42A3-9474-1A3956D46DE8}") = ".nuget", ".nuget", "{24F67273-22E0-410F-9ED6-3B1AAEE3B1AD}"
	ProjectSection(SolutionItems) = preProject
		.nuget\NuGet.Config = .nuget\NuGet.Config
		.nuget\NuGet.exe = .nuget\NuGet.exe
		.nuget\NuGet.targets = .nuget\NuGet.targets
	EndProjectSection
EndProject
Project("{00D1A9C2-B5F0-4AF3-8072-F6C62B433612}") = "MiniArch.Database", "MiniArch.Database\MiniArch.Database.sqlproj", "{84F675FF-450C-49E1-9EA0-72A01E15B356}"
EndProject
Project("{FAE04EC0-301F-11D3-BF4B-00C04F79EFBC}") = "MiniArch.ServiceLayer", "MiniArch.ServiceLayer\MiniArch.ServiceLayer.csproj", "{87992574-3289-4A1E-8A65-1F9D3C7E6E3A}"
EndProject
Project("{2150E333-8FDC-42A3-9474-1A3956D46DE8}") = "Web", "Web", "{D5321496-C364-4DDA-9A59-6EBFE18E310F}"
EndProject
Project("{2150E333-8FDC-42A3-9474-1A3956D46DE8}") = "Service", "Service", "{E74C6E32-5586-4766-990E-BA3875437EB1}"
EndProject
Project("{2150E333-8FDC-42A3-9474-1A3956D46DE8}") = "Data", "Data", "{CE446C05-ECC6-4F3E-93A5-AF51E267920E}"
EndProject
Project("{FAE04EC0-301F-11D3-BF4B-00C04F79EFBC}") = "MiniArch.Persistance", "MiniArch.Persistance\MiniArch.Persistance.csproj", "{57F83285-4B14-4742-B1DD-C101A111E53E}"
	ProjectSection(ProjectDependencies) = postProject
		{84F675FF-450C-49E1-9EA0-72A01E15B356} = {84F675FF-450C-49E1-9EA0-72A01E15B356}
	EndProjectSection
EndProject
Global
	GlobalSection(SolutionConfigurationPlatforms) = preSolution
		Debug|Any CPU = Debug|Any CPU
		Release|Any CPU = Release|Any CPU
	EndGlobalSection
	GlobalSection(ProjectConfigurationPlatforms) = postSolution
		{38213AE1-9F3D-4AA9-A34E-40C147DB51C0}.Debug|Any CPU.ActiveCfg = Debug|Any CPU
		{38213AE1-9F3D-4AA9-A34E-40C147DB51C0}.Debug|Any CPU.Build.0 = Debug|Any CPU
		{38213AE1-9F3D-4AA9-A34E-40C147DB51C0}.Release|Any CPU.ActiveCfg = Release|Any CPU
		{38213AE1-9F3D-4AA9-A34E-40C147DB51C0}.Release|Any CPU.Build.0 = Release|Any CPU
		{84F675FF-450C-49E1-9EA0-72A01E15B356}.Debug|Any CPU.ActiveCfg = Debug|Any CPU
		{84F675FF-450C-49E1-9EA0-72A01E15B356}.Debug|Any CPU.Build.0 = Debug|Any CPU
		{84F675FF-450C-49E1-9EA0-72A01E15B356}.Debug|Any CPU.Deploy.0 = Debug|Any CPU
		{84F675FF-450C-49E1-9EA0-72A01E15B356}.Release|Any CPU.ActiveCfg = Release|Any CPU
		{84F675FF-450C-49E1-9EA0-72A01E15B356}.Release|Any CPU.Build.0 = Release|Any CPU
		{84F675FF-450C-49E1-9EA0-72A01E15B356}.Release|Any CPU.Deploy.0 = Release|Any CPU
		{87992574-3289-4A1E-8A65-1F9D3C7E6E3A}.Debug|Any CPU.ActiveCfg = Debug|Any CPU
		{87992574-3289-4A1E-8A65-1F9D3C7E6E3A}.Debug|Any CPU.Build.0 = Debug|Any CPU
		{87992574-3289-4A1E-8A65-1F9D3C7E6E3A}.Release|Any CPU.ActiveCfg = Release|Any CPU
		{87992574-3289-4A1E-8A65-1F9D3C7E6E3A}.Release|Any CPU.Build.0 = Release|Any CPU
		{57F83285-4B14-4742-B1DD-C101A111E53E}.Debug|Any CPU.ActiveCfg = Debug|Any CPU
		{57F83285-4B14-4742-B1DD-C101A111E53E}.Debug|Any CPU.Build.0 = Debug|Any CPU
		{57F83285-4B14-4742-B1DD-C101A111E53E}.Release|Any CPU.ActiveCfg = Release|Any CPU
		{57F83285-4B14-4742-B1DD-C101A111E53E}.Release|Any CPU.Build.0 = Release|Any CPU
	EndGlobalSection
	GlobalSection(SolutionProperties) = preSolution
		HideSolutionNode = FALSE
	EndGlobalSection
	GlobalSection(NestedProjects) = preSolution
		{38213AE1-9F3D-4AA9-A34E-40C147DB51C0} = {D5321496-C364-4DDA-9A59-6EBFE18E310F}
		{84F675FF-450C-49E1-9EA0-72A01E15B356} = {CE446C05-ECC6-4F3E-93A5-AF51E267920E}
		{57F83285-4B14-4742-B1DD-C101A111E53E} = {CE446C05-ECC6-4F3E-93A5-AF51E267920E}
		{87992574-3289-4A1E-8A65-1F9D3C7E6E3A} = {E74C6E32-5586-4766-990E-BA3875437EB1}
	EndGlobalSection
EndGlobal
